
Microsoft Visual Studio Solution File, Format Version 12.00
# Visual Studio Version 17
VisualStudioVersion = 17.12.35707.178 d17.12
MinimumVisualStudioVersion = 10.0.40219.1
Project("{FAE04EC0-301F-11D3-BF4B-00C04F79EFBC}") = "Queue", "Queue\Queue.csproj", "{F7FE4B1E-120D-4E17-9530-93BCBE51C33A}"
EndProject
Global
	GlobalSection(SolutionConfigurationPlatforms) = preSolution
		Debug|Any CPU = Debug|Any CPU
		Release|Any CPU = Release|Any CPU
	EndGlobalSection
	GlobalSection(ProjectConfigurationPlatforms) = postSolution
		{F7FE4B1E-120D-4E17-9530-93BCBE51C33A}.Debug|Any CPU.ActiveCfg = Debug|Any CPU
		{F7FE4B1E-120D-4E17-9530-93BCBE51C33A}.Debug|Any CPU.Build.0 = Debug|Any CPU
		{F7FE4B1E-120D-4E17-9530-93BCBE51C33A}.Release|Any CPU.ActiveCfg = Release|Any CPU
		{F7FE4B1E-120D-4E17-9530-93BCBE51C33A}.Release|Any CPU.Build.0 = Release|Any CPU
	EndGlobalSection
	GlobalSection(SolutionProperties) = preSolution
		HideSolutionNode = FALSE
	EndGlobalSection
EndGlobal
